# This file is automatically @generated by Cargo.
# It is not intended for manual editing.
[[package]]
name = "gcc"
version = "0.3.55"
source = "registry+https://github.com/rust-lang/crates.io-index"

[[package]]
name = "libc"
version = "0.2.62"
source = "registry+https://github.com/rust-lang/crates.io-index"

[[package]]
name = "rpi-led-matrix"
version = "0.1.1"
source = "git+https://github.com/sphinxc0re/rust-rpi-rgb-led-matrix#4e44d03741ea5ce91f949951d6a764a3e9ed0ebc"
dependencies = [
 "gcc 0.3.55 (registry+https://github.com/rust-lang/crates.io-index)",
 "libc 0.2.62 (registry+https://github.com/rust-lang/crates.io-index)",
]

[[package]]
name = "rust_rpi_led_matrix_controller"
version = "0.1.0"
dependencies = [
 "rpi-led-matrix 0.1.1 (git+https://github.com/sphinxc0re/rust-rpi-rgb-led-matrix)",
]

[metadata]
"checksum gcc 0.3.55 (registry+https://github.com/rust-lang/crates.io-index)" = "8f5f3913fa0bfe7ee1fd8248b6b9f42a5af4b9d65ec2dd2c3c26132b950ecfc2"
"checksum libc 0.2.62 (registry+https://github.com/rust-lang/crates.io-index)" = "34fcd2c08d2f832f376f4173a231990fa5aef4e99fb569867318a227ef4c06ba"
"checksum rpi-led-matrix 0.1.1 (git+https://github.com/sphinxc0re/rust-rpi-rgb-led-matrix)" = "<none>"
